
Microsoft Visual Studio Solution File, Format Version 12.00
# Visual Studio Version 17
VisualStudioVersion = 17.14.36429.23
MinimumVisualStudioVersion = 10.0.40219.1
Project("{2150E333-8FDC-42A3-9474-1A3956D46DE8}") = "Services", "Services", "{02EA681E-C7D8-13C7-8484-4AC65E1B71E8}"
EndProject
Project("{2150E333-8FDC-42A3-9474-1A3956D46DE8}") = "Catalog", "Catalog", "{D33765CE-A9FA-4047-9BEC-2F44F532EA3E}"
EndProject
Project("{FAE04EC0-301F-11D3-BF4B-00C04F79EFBC}") = "Catalog.API", "Services\Catalog\Catalog.API\Catalog.API.csproj", "{E233D936-9B1D-4EC9-BE36-7E9244B91AA5}"
EndProject
Project("{2150E333-8FDC-42A3-9474-1A3956D46DE8}") = "BuildingBlocks", "BuildingBlocks", "{B0DDCA2B-024A-4D71-B411-F21F6255E6D5}"
EndProject
Project("{FAE04EC0-301F-11D3-BF4B-00C04F79EFBC}") = "BuildingBlocks", "BuildingBlocks\BuildingBlocks\BuildingBlocks.csproj", "{FEAF15F3-15A2-43B3-85CB-ED0C47034ECB}"
EndProject
Project("{E53339B2-1760-4266-BCC7-CA923CBCF16C}") = "docker-compose", "docker-compose.dcproj", "{81DDED9D-158B-E303-5F62-77A2896D2A5A}"
EndProject
Project("{2150E333-8FDC-42A3-9474-1A3956D46DE8}") = "Basket", "Basket", "{3DCEDB7D-B0DC-42BE-88E9-95982413A830}"
EndProject
Project("{FAE04EC0-301F-11D3-BF4B-00C04F79EFBC}") = "Basket.API", "Services\Basket\Basket.API\Basket.API.csproj", "{61589306-1B83-4192-AABA-399F343CCB94}"
EndProject
Project("{2150E333-8FDC-42A3-9474-1A3956D46DE8}") = "Discount", "Discount", "{C0CF0D9A-6DFE-40A9-B79C-9F0ACA4BBD52}"
EndProject
Project("{FAE04EC0-301F-11D3-BF4B-00C04F79EFBC}") = "Discount.GRPC", "Services\Discount\Discount.GRPS\Discount.GRPC.csproj", "{96BC2595-EE02-4F29-B1C7-4751B1F63A57}"
EndProject
Project("{2150E333-8FDC-42A3-9474-1A3956D46DE8}") = "Ordering", "Ordering", "{3607B31E-2D3B-4ABF-829A-DE3AC71999B3}"
EndProject
Project("{FAE04EC0-301F-11D3-BF4B-00C04F79EFBC}") = "Ordering.API", "Services\Ordering\Ordering.API\Ordering.API.csproj", "{83628793-9EA2-4689-8F83-3D2B8B728BFA}"
EndProject
Project("{FAE04EC0-301F-11D3-BF4B-00C04F79EFBC}") = "Ordering.Domain", "Services\Ordering\Ordering.Domain\Ordering.Domain.csproj", "{B5343006-F9EA-4068-AD22-02E0DDD73906}"
EndProject
Project("{FAE04EC0-301F-11D3-BF4B-00C04F79EFBC}") = "Ordering.Application", "Services\Ordering\Ordering.Application\Ordering.Application.csproj", "{E8C0B348-8586-49F3-82B4-85EF109EE02C}"
EndProject
Project("{FAE04EC0-301F-11D3-BF4B-00C04F79EFBC}") = "Ordering.Infrastructure", "Services\Ordering\Ordering.Infrastructure\Ordering.Infrastructure.csproj", "{38E870F7-4166-451F-A1DD-F362B36E268A}"
EndProject
Project("{FAE04EC0-301F-11D3-BF4B-00C04F79EFBC}") = "BuildingBlocks.Messaging", "BuildingBlocks\BuildingBlocks.Messaging\BuildingBlocks.Messaging.csproj", "{C5BF032D-78F0-44DF-B5F2-4612F9E5BA57}"
EndProject
Project("{2150E333-8FDC-42A3-9474-1A3956D46DE8}") = "ApiGateways", "ApiGateways", "{A97A49AE-D5B7-4B1C-926E-20B0B384D101}"
EndProject
Project("{FAE04EC0-301F-11D3-BF4B-00C04F79EFBC}") = "YarpApiGateway", "ApiGateways\YarpApiGateway\YarpApiGateway.csproj", "{ECA0025F-7C61-4A0F-B663-779C323CAA2C}"
EndProject
Global
	GlobalSection(SolutionConfigurationPlatforms) = preSolution
		Debug|Any CPU = Debug|Any CPU
		Release|Any CPU = Release|Any CPU
	EndGlobalSection
	GlobalSection(ProjectConfigurationPlatforms) = postSolution
		{E233D936-9B1D-4EC9-BE36-7E9244B91AA5}.Debug|Any CPU.ActiveCfg = Debug|Any CPU
		{E233D936-9B1D-4EC9-BE36-7E9244B91AA5}.Debug|Any CPU.Build.0 = Debug|Any CPU
		{E233D936-9B1D-4EC9-BE36-7E9244B91AA5}.Release|Any CPU.ActiveCfg = Release|Any CPU
		{E233D936-9B1D-4EC9-BE36-7E9244B91AA5}.Release|Any CPU.Build.0 = Release|Any CPU
		{FEAF15F3-15A2-43B3-85CB-ED0C47034ECB}.Debug|Any CPU.ActiveCfg = Debug|Any CPU
		{FEAF15F3-15A2-43B3-85CB-ED0C47034ECB}.Debug|Any CPU.Build.0 = Debug|Any CPU
		{FEAF15F3-15A2-43B3-85CB-ED0C47034ECB}.Release|Any CPU.ActiveCfg = Release|Any CPU
		{FEAF15F3-15A2-43B3-85CB-ED0C47034ECB}.Release|Any CPU.Build.0 = Release|Any CPU
		{81DDED9D-158B-E303-5F62-77A2896D2A5A}.Debug|Any CPU.ActiveCfg = Debug|Any CPU
		{81DDED9D-158B-E303-5F62-77A2896D2A5A}.Debug|Any CPU.Build.0 = Debug|Any CPU
		{81DDED9D-158B-E303-5F62-77A2896D2A5A}.Release|Any CPU.ActiveCfg = Release|Any CPU
		{81DDED9D-158B-E303-5F62-77A2896D2A5A}.Release|Any CPU.Build.0 = Release|Any CPU
		{61589306-1B83-4192-AABA-399F343CCB94}.Debug|Any CPU.ActiveCfg = Debug|Any CPU
		{61589306-1B83-4192-AABA-399F343CCB94}.Debug|Any CPU.Build.0 = Debug|Any CPU
		{61589306-1B83-4192-AABA-399F343CCB94}.Release|Any CPU.ActiveCfg = Release|Any CPU
		{61589306-1B83-4192-AABA-399F343CCB94}.Release|Any CPU.Build.0 = Release|Any CPU
		{96BC2595-EE02-4F29-B1C7-4751B1F63A57}.Debug|Any CPU.ActiveCfg = Debug|Any CPU
		{96BC2595-EE02-4F29-B1C7-4751B1F63A57}.Debug|Any CPU.Build.0 = Debug|Any CPU
		{96BC2595-EE02-4F29-B1C7-4751B1F63A57}.Release|Any CPU.ActiveCfg = Release|Any CPU
		{96BC2595-EE02-4F29-B1C7-4751B1F63A57}.Release|Any CPU.Build.0 = Release|Any CPU
		{83628793-9EA2-4689-8F83-3D2B8B728BFA}.Debug|Any CPU.ActiveCfg = Debug|Any CPU
		{83628793-9EA2-4689-8F83-3D2B8B728BFA}.Debug|Any CPU.Build.0 = Debug|Any CPU
		{83628793-9EA2-4689-8F83-3D2B8B728BFA}.Release|Any CPU.ActiveCfg = Release|Any CPU
		{83628793-9EA2-4689-8F83-3D2B8B728BFA}.Release|Any CPU.Build.0 = Release|Any CPU
		{B5343006-F9EA-4068-AD22-02E0DDD73906}.Debug|Any CPU.ActiveCfg = Debug|Any CPU
		{B5343006-F9EA-4068-AD22-02E0DDD73906}.Debug|Any CPU.Build.0 = Debug|Any CPU
		{B5343006-F9EA-4068-AD22-02E0DDD73906}.Release|Any CPU.ActiveCfg = Release|Any CPU
		{B5343006-F9EA-4068-AD22-02E0DDD73906}.Release|Any CPU.Build.0 = Release|Any CPU
		{E8C0B348-8586-49F3-82B4-85EF109EE02C}.Debug|Any CPU.ActiveCfg = Debug|Any CPU
		{E8C0B348-8586-49F3-82B4-85EF109EE02C}.Debug|Any CPU.Build.0 = Debug|Any CPU
		{E8C0B348-8586-49F3-82B4-85EF109EE02C}.Release|Any CPU.ActiveCfg = Release|Any CPU
		{E8C0B348-8586-49F3-82B4-85EF109EE02C}.Release|Any CPU.Build.0 = Release|Any CPU
		{38E870F7-4166-451F-A1DD-F362B36E268A}.Debug|Any CPU.ActiveCfg = Debug|Any CPU
		{38E870F7-4166-451F-A1DD-F362B36E268A}.Debug|Any CPU.Build.0 = Debug|Any CPU
		{38E870F7-4166-451F-A1DD-F362B36E268A}.Release|Any CPU.ActiveCfg = Release|Any CPU
		{38E870F7-4166-451F-A1DD-F362B36E268A}.Release|Any CPU.Build.0 = Release|Any CPU
		{C5BF032D-78F0-44DF-B5F2-4612F9E5BA57}.Debug|Any CPU.ActiveCfg = Debug|Any CPU
		{C5BF032D-78F0-44DF-B5F2-4612F9E5BA57}.Debug|Any CPU.Build.0 = Debug|Any CPU
		{C5BF032D-78F0-44DF-B5F2-4612F9E5BA57}.Release|Any CPU.ActiveCfg = Release|Any CPU
		{C5BF032D-78F0-44DF-B5F2-4612F9E5BA57}.Release|Any CPU.Build.0 = Release|Any CPU
		{ECA0025F-7C61-4A0F-B663-779C323CAA2C}.Debug|Any CPU.ActiveCfg = Debug|Any CPU
		{ECA0025F-7C61-4A0F-B663-779C323CAA2C}.Debug|Any CPU.Build.0 = Debug|Any CPU
		{ECA0025F-7C61-4A0F-B663-779C323CAA2C}.Release|Any CPU.ActiveCfg = Release|Any CPU
		{ECA0025F-7C61-4A0F-B663-779C323CAA2C}.Release|Any CPU.Build.0 = Release|Any CPU
	EndGlobalSection
	GlobalSection(SolutionProperties) = preSolution
		HideSolutionNode = FALSE
	EndGlobalSection
	GlobalSection(NestedProjects) = preSolution
		{D33765CE-A9FA-4047-9BEC-2F44F532EA3E} = {02EA681E-C7D8-13C7-8484-4AC65E1B71E8}
		{E233D936-9B1D-4EC9-BE36-7E9244B91AA5} = {D33765CE-A9FA-4047-9BEC-2F44F532EA3E}
		{FEAF15F3-15A2-43B3-85CB-ED0C47034ECB} = {B0DDCA2B-024A-4D71-B411-F21F6255E6D5}
		{3DCEDB7D-B0DC-42BE-88E9-95982413A830} = {02EA681E-C7D8-13C7-8484-4AC65E1B71E8}
		{61589306-1B83-4192-AABA-399F343CCB94} = {3DCEDB7D-B0DC-42BE-88E9-95982413A830}
		{C0CF0D9A-6DFE-40A9-B79C-9F0ACA4BBD52} = {02EA681E-C7D8-13C7-8484-4AC65E1B71E8}
		{96BC2595-EE02-4F29-B1C7-4751B1F63A57} = {C0CF0D9A-6DFE-40A9-B79C-9F0ACA4BBD52}
		{3607B31E-2D3B-4ABF-829A-DE3AC71999B3} = {02EA681E-C7D8-13C7-8484-4AC65E1B71E8}
		{83628793-9EA2-4689-8F83-3D2B8B728BFA} = {3607B31E-2D3B-4ABF-829A-DE3AC71999B3}
		{B5343006-F9EA-4068-AD22-02E0DDD73906} = {3607B31E-2D3B-4ABF-829A-DE3AC71999B3}
		{E8C0B348-8586-49F3-82B4-85EF109EE02C} = {3607B31E-2D3B-4ABF-829A-DE3AC71999B3}
		{38E870F7-4166-451F-A1DD-F362B36E268A} = {3607B31E-2D3B-4ABF-829A-DE3AC71999B3}
		{C5BF032D-78F0-44DF-B5F2-4612F9E5BA57} = {B0DDCA2B-024A-4D71-B411-F21F6255E6D5}
		{ECA0025F-7C61-4A0F-B663-779C323CAA2C} = {A97A49AE-D5B7-4B1C-926E-20B0B384D101}
	EndGlobalSection
	GlobalSection(ExtensibilityGlobals) = postSolution
		SolutionGuid = {C0D869C9-1763-4FCB-A3D2-9CEAB409B39C}
	EndGlobalSection
EndGlobal
